
Microsoft Visual Studio Solution File, Format Version 12.00
# Visual Studio for Mac
Project("{FAE04EC0-301F-11D3-BF4B-00C04F79EFBC}") = "Mobile Terminal", "Mobile Terminal.csproj", "{F4B2AE29-2E2D-7FF1-B0CA-E2B72D7B801B}"
EndProject
Project("{FAE04EC0-301F-11D3-BF4B-00C04F79EFBC}") = "Mobile Terminal.Editor", "Mobile Terminal.Editor.csproj", "{82697C98-9C5E-0FAF-32BD-08B83E25B7DD}"
EndProject
Global
	GlobalSection(SolutionConfigurationPlatforms) = preSolution
		Debug|Any CPU = Debug|Any CPU
		Release|Any CPU = Release|Any CPU
	EndGlobalSection
	GlobalSection(ProjectConfigurationPlatforms) = postSolution
		{F4B2AE29-2E2D-7FF1-B0CA-E2B72D7B801B}.Debug|Any CPU.ActiveCfg = Debug|Any CPU
		{F4B2AE29-2E2D-7FF1-B0CA-E2B72D7B801B}.Debug|Any CPU.Build.0 = Debug|Any CPU
		{F4B2AE29-2E2D-7FF1-B0CA-E2B72D7B801B}.Release|Any CPU.ActiveCfg = Release|Any CPU
		{F4B2AE29-2E2D-7FF1-B0CA-E2B72D7B801B}.Release|Any CPU.Build.0 = Release|Any CPU
		{82697C98-9C5E-0FAF-32BD-08B83E25B7DD}.Debug|Any CPU.ActiveCfg = Debug|Any CPU
		{82697C98-9C5E-0FAF-32BD-08B83E25B7DD}.Debug|Any CPU.Build.0 = Debug|Any CPU
		{82697C98-9C5E-0FAF-32BD-08B83E25B7DD}.Release|Any CPU.ActiveCfg = Release|Any CPU
		{82697C98-9C5E-0FAF-32BD-08B83E25B7DD}.Release|Any CPU.Build.0 = Release|Any CPU
	EndGlobalSection
	GlobalSection(SolutionProperties) = preSolution
		HideSolutionNode = FALSE
	EndGlobalSection
EndGlobal
